
Microsoft Visual Studio Solution File, Format Version 12.00
# Visual Studio Version 17
VisualStudioVersion = 17.10.35027.167
MinimumVisualStudioVersion = 10.0.40219.1
Project("{FAE04EC0-301F-11D3-BF4B-00C04F79EFBC}") = "MyApplication", "MyApplication.csproj", "{C3ADA52C-AEFF-4D25-84A0-8FF7F8768D20}"
EndProject
Global
	GlobalSection(SolutionConfigurationPlatforms) = preSolution
		Debug|Any CPU = Debug|Any CPU
		Release|Any CPU = Release|Any CPU
	EndGlobalSection
	GlobalSection(ProjectConfigurationPlatforms) = postSolution
		{C3ADA52C-AEFF-4D25-84A0-8FF7F8768D20}.Debug|Any CPU.ActiveCfg = Debug|Any CPU
		{C3ADA52C-AEFF-4D25-84A0-8FF7F8768D20}.Debug|Any CPU.Build.0 = Debug|Any CPU
		{C3ADA52C-AEFF-4D25-84A0-8FF7F8768D20}.Release|Any CPU.ActiveCfg = Release|Any CPU
		{C3ADA52C-AEFF-4D25-84A0-8FF7F8768D20}.Release|Any CPU.Build.0 = Release|Any CPU
	EndGlobalSection
	GlobalSection(SolutionProperties) = preSolution
		HideSolutionNode = FALSE
	EndGlobalSection
	GlobalSection(ExtensibilityGlobals) = postSolution
		SolutionGuid = {E9040578-B228-4A3A-807B-2A60F9C79F39}
	EndGlobalSection
EndGlobal
